
Microsoft Visual Studio Solution File, Format Version 12.00
# Visual Studio Version 17
VisualStudioVersion = 17.9.34616.47
MinimumVisualStudioVersion = 10.0.40219.1
Project("{FAE04EC0-301F-11D3-BF4B-00C04F79EFBC}") = "WebQuanLyNhanSu", "WebQuanLyNhanSu\WebQuanLyNhanSu.csproj", "{39A12BB7-46E9-487B-84EB-53873F859929}"
EndProject
Global
	GlobalSection(SolutionConfigurationPlatforms) = preSolution
		Debug|Any CPU = Debug|Any CPU
		Release|Any CPU = Release|Any CPU
	EndGlobalSection
	GlobalSection(ProjectConfigurationPlatforms) = postSolution
		{39A12BB7-46E9-487B-84EB-53873F859929}.Debug|Any CPU.ActiveCfg = Debug|Any CPU
		{39A12BB7-46E9-487B-84EB-53873F859929}.Debug|Any CPU.Build.0 = Debug|Any CPU
		{39A12BB7-46E9-487B-84EB-53873F859929}.Release|Any CPU.ActiveCfg = Release|Any CPU
		{39A12BB7-46E9-487B-84EB-53873F859929}.Release|Any CPU.Build.0 = Release|Any CPU
	EndGlobalSection
	GlobalSection(SolutionProperties) = preSolution
		HideSolutionNode = FALSE
	EndGlobalSection
	GlobalSection(ExtensibilityGlobals) = postSolution
		SolutionGuid = {C58F1D33-6403-47FE-8CB0-0BE8D4DA963B}
	EndGlobalSection
EndGlobal
